
Microsoft Visual Studio Solution File, Format Version 12.00
# Visual Studio Version 16
VisualStudioVersion = 16.0.30804.86
MinimumVisualStudioVersion = 10.0.40219.1
Project("{FAE04EC0-301F-11D3-BF4B-00C04F79EFBC}") = "SoftwareDb", "SoftwareDb\SoftwareDb.csproj", "{423C830A-DFA9-4525-8C1F-374D58070153}"
EndProject
Project("{FAE04EC0-301F-11D3-BF4B-00C04F79EFBC}") = "CarData", "CarData\CarData.csproj", "{3FE679C6-2E17-4D71-813D-5BA127FCCD88}"
EndProject
Project("{FAE04EC0-301F-11D3-BF4B-00C04F79EFBC}") = "Data", "Data\Data.csproj", "{B7DB63A9-85A0-482A-8AD4-22ED3C3761FD}"
EndProject
Global
	GlobalSection(SolutionConfigurationPlatforms) = preSolution
		Debug|Any CPU = Debug|Any CPU
		Release|Any CPU = Release|Any CPU
	EndGlobalSection
	GlobalSection(ProjectConfigurationPlatforms) = postSolution
		{423C830A-DFA9-4525-8C1F-374D58070153}.Debug|Any CPU.ActiveCfg = Debug|Any CPU
		{423C830A-DFA9-4525-8C1F-374D58070153}.Debug|Any CPU.Build.0 = Debug|Any CPU
		{423C830A-DFA9-4525-8C1F-374D58070153}.Release|Any CPU.ActiveCfg = Release|Any CPU
		{423C830A-DFA9-4525-8C1F-374D58070153}.Release|Any CPU.Build.0 = Release|Any CPU
		{3FE679C6-2E17-4D71-813D-5BA127FCCD88}.Debug|Any CPU.ActiveCfg = Debug|Any CPU
		{3FE679C6-2E17-4D71-813D-5BA127FCCD88}.Debug|Any CPU.Build.0 = Debug|Any CPU
		{3FE679C6-2E17-4D71-813D-5BA127FCCD88}.Release|Any CPU.ActiveCfg = Release|Any CPU
		{3FE679C6-2E17-4D71-813D-5BA127FCCD88}.Release|Any CPU.Build.0 = Release|Any CPU
		{B7DB63A9-85A0-482A-8AD4-22ED3C3761FD}.Debug|Any CPU.ActiveCfg = Debug|Any CPU
		{B7DB63A9-85A0-482A-8AD4-22ED3C3761FD}.Debug|Any CPU.Build.0 = Debug|Any CPU
		{B7DB63A9-85A0-482A-8AD4-22ED3C3761FD}.Release|Any CPU.ActiveCfg = Release|Any CPU
		{B7DB63A9-85A0-482A-8AD4-22ED3C3761FD}.Release|Any CPU.Build.0 = Release|Any CPU
	EndGlobalSection
	GlobalSection(SolutionProperties) = preSolution
		HideSolutionNode = FALSE
	EndGlobalSection
	GlobalSection(ExtensibilityGlobals) = postSolution
		SolutionGuid = {4726A01A-CFB7-48EF-9E4E-CA68D82E470B}
	EndGlobalSection
EndGlobal
